
Microsoft Visual Studio Solution File, Format Version 12.00
# Visual Studio Version 16
VisualStudioVersion = 16.0.32901.82
MinimumVisualStudioVersion = 10.0.40219.1
Project("{FAE04EC0-301F-11D3-BF4B-00C04F79EFBC}") = "07-10-22", "07-10-22.csproj", "{BA5F26B3-430A-4462-B7EA-C97F729F6326}"
EndProject
Global
	GlobalSection(SolutionConfigurationPlatforms) = preSolution
		Debug|Any CPU = Debug|Any CPU
		Release|Any CPU = Release|Any CPU
	EndGlobalSection
	GlobalSection(ProjectConfigurationPlatforms) = postSolution
		{BA5F26B3-430A-4462-B7EA-C97F729F6326}.Debug|Any CPU.ActiveCfg = Debug|Any CPU
		{BA5F26B3-430A-4462-B7EA-C97F729F6326}.Debug|Any CPU.Build.0 = Debug|Any CPU
		{BA5F26B3-430A-4462-B7EA-C97F729F6326}.Release|Any CPU.ActiveCfg = Release|Any CPU
		{BA5F26B3-430A-4462-B7EA-C97F729F6326}.Release|Any CPU.Build.0 = Release|Any CPU
	EndGlobalSection
	GlobalSection(SolutionProperties) = preSolution
		HideSolutionNode = FALSE
	EndGlobalSection
	GlobalSection(ExtensibilityGlobals) = postSolution
		SolutionGuid = {B7D614D0-7843-4F60-ACE2-1C592D485527}
	EndGlobalSection
EndGlobal
